
Microsoft Visual Studio Solution File, Format Version 12.00
# Visual Studio Version 17
VisualStudioVersion = 17.12.35527.113 d17.12
MinimumVisualStudioVersion = 10.0.40219.1
Project("{FAE04EC0-301F-11D3-BF4B-00C04F79EFBC}") = "Refactor the Car or Book class with encapsulation", "Refactor the Car or Book class with encapsulation\Refactor the Car or Book class with encapsulation.csproj", "{8583CB72-2A6F-4BBD-9FD4-CC3964BD6CBA}"
EndProject
Global
	GlobalSection(SolutionConfigurationPlatforms) = preSolution
		Debug|Any CPU = Debug|Any CPU
		Release|Any CPU = Release|Any CPU
	EndGlobalSection
	GlobalSection(ProjectConfigurationPlatforms) = postSolution
		{8583CB72-2A6F-4BBD-9FD4-CC3964BD6CBA}.Debug|Any CPU.ActiveCfg = Debug|Any CPU
		{8583CB72-2A6F-4BBD-9FD4-CC3964BD6CBA}.Debug|Any CPU.Build.0 = Debug|Any CPU
		{8583CB72-2A6F-4BBD-9FD4-CC3964BD6CBA}.Release|Any CPU.ActiveCfg = Release|Any CPU
		{8583CB72-2A6F-4BBD-9FD4-CC3964BD6CBA}.Release|Any CPU.Build.0 = Release|Any CPU
	EndGlobalSection
	GlobalSection(SolutionProperties) = preSolution
		HideSolutionNode = FALSE
	EndGlobalSection
EndGlobal
